
Microsoft Visual Studio Solution File, Format Version 12.00
# Visual Studio 14
VisualStudioVersion = 14.0.25123.0
MinimumVisualStudioVersion = 10.0.40219.1
Project("{06E3C46C-739C-453A-8B80-1E9341896959}") = "Sitecore.Support.123.456", "Sitecore.Support.123.456\Sitecore.Support.123.456.csproj", "{C3BB28CD-050A-4E3D-AD34-BB55F7890CEA}"
EndProject
Global
	GlobalSection(SolutionConfigurationPlatforms) = preSolution
		Debug|Any CPU = Debug|Any CPU
		Release|Any CPU = Release|Any CPU
	EndGlobalSection
	GlobalSection(ProjectConfigurationPlatforms) = postSolution
		{C3BB28CD-050A-4E3D-AD34-BB55F7890CEA}.Debug|Any CPU.ActiveCfg = Debug|Any CPU
		{C3BB28CD-050A-4E3D-AD34-BB55F7890CEA}.Debug|Any CPU.Build.0 = Debug|Any CPU
		{C3BB28CD-050A-4E3D-AD34-BB55F7890CEA}.Release|Any CPU.ActiveCfg = Release|Any CPU
		{C3BB28CD-050A-4E3D-AD34-BB55F7890CEA}.Release|Any CPU.Build.0 = Release|Any CPU
	EndGlobalSection
	GlobalSection(SolutionProperties) = preSolution
		HideSolutionNode = FALSE
	EndGlobalSection
EndGlobal
